
Microsoft Visual Studio Solution File, Format Version 12.00
# Visual Studio Version 17
VisualStudioVersion = 17.3.32819.101
MinimumVisualStudioVersion = 10.0.40219.1
Project("{FAE04EC0-301F-11D3-BF4B-00C04F79EFBC}") = "ConsoleAppCarro", "ConsoleAppCarro.csproj", "{FC33745E-38F1-472B-A0AD-CC97C966AA15}"
EndProject
Global
	GlobalSection(SolutionConfigurationPlatforms) = preSolution
		Debug|Any CPU = Debug|Any CPU
		Release|Any CPU = Release|Any CPU
	EndGlobalSection
	GlobalSection(ProjectConfigurationPlatforms) = postSolution
		{FC33745E-38F1-472B-A0AD-CC97C966AA15}.Debug|Any CPU.ActiveCfg = Debug|Any CPU
		{FC33745E-38F1-472B-A0AD-CC97C966AA15}.Debug|Any CPU.Build.0 = Debug|Any CPU
		{FC33745E-38F1-472B-A0AD-CC97C966AA15}.Release|Any CPU.ActiveCfg = Release|Any CPU
		{FC33745E-38F1-472B-A0AD-CC97C966AA15}.Release|Any CPU.Build.0 = Release|Any CPU
	EndGlobalSection
	GlobalSection(SolutionProperties) = preSolution
		HideSolutionNode = FALSE
	EndGlobalSection
	GlobalSection(ExtensibilityGlobals) = postSolution
		SolutionGuid = {DB6E05FD-A60D-48C6-B29A-50C7EF522BB7}
	EndGlobalSection
EndGlobal
