
Microsoft Visual Studio Solution File, Format Version 12.00
# Visual Studio Version 17
VisualStudioVersion = 17.3.32819.101
MinimumVisualStudioVersion = 10.0.40219.1
Project("{FAE04EC0-301F-11D3-BF4B-00C04F79EFBC}") = "DBFirstDemo", "DBFirstDemo.csproj", "{8B5FD17C-CD89-41AC-A598-1376FF7848B5}"
EndProject
Global
	GlobalSection(SolutionConfigurationPlatforms) = preSolution
		Debug|Any CPU = Debug|Any CPU
		Release|Any CPU = Release|Any CPU
	EndGlobalSection
	GlobalSection(ProjectConfigurationPlatforms) = postSolution
		{8B5FD17C-CD89-41AC-A598-1376FF7848B5}.Debug|Any CPU.ActiveCfg = Debug|Any CPU
		{8B5FD17C-CD89-41AC-A598-1376FF7848B5}.Debug|Any CPU.Build.0 = Debug|Any CPU
		{8B5FD17C-CD89-41AC-A598-1376FF7848B5}.Release|Any CPU.ActiveCfg = Release|Any CPU
		{8B5FD17C-CD89-41AC-A598-1376FF7848B5}.Release|Any CPU.Build.0 = Release|Any CPU
	EndGlobalSection
	GlobalSection(SolutionProperties) = preSolution
		HideSolutionNode = FALSE
	EndGlobalSection
	GlobalSection(ExtensibilityGlobals) = postSolution
		SolutionGuid = {08E1FCE5-5055-4FF9-8026-8287EA4529E6}
	EndGlobalSection
EndGlobal
